
Microsoft Visual Studio Solution File, Format Version 12.00
# Visual Studio Version 16
VisualStudioVersion = 16.0.33423.256
MinimumVisualStudioVersion = 10.0.40219.1
Project("{FAE04EC0-301F-11D3-BF4B-00C04F79EFBC}") = "Restaurante.WEBUI", "Restaurante.WEBUI\Restaurante.WEBUI.csproj", "{0A39FF63-042A-45D0-8DE5-E5683DC44E34}"
EndProject
Project("{FAE04EC0-301F-11D3-BF4B-00C04F79EFBC}") = "Restaurante.Entities", "Restaurante.Entities\Restaurante.Entities.csproj", "{53CBDA96-DB5B-4DF7-831D-56961E77C0CD}"
EndProject
Project("{FAE04EC0-301F-11D3-BF4B-00C04F79EFBC}") = "Restaurante.DataAccess", "Restaurante.DataAccess\Restaurante.DataAccess.csproj", "{B290087F-22FF-4937-A0FD-34E08DAFFECD}"
EndProject
Project("{FAE04EC0-301F-11D3-BF4B-00C04F79EFBC}") = "Restaurante.BusinessLogic", "Restaurante.BusinessLogic\Restaurante.BusinessLogic.csproj", "{FC9C809F-1945-48CD-BFCC-983C1BA5DFBB}"
EndProject
Global
	GlobalSection(SolutionConfigurationPlatforms) = preSolution
		Debug|Any CPU = Debug|Any CPU
		Release|Any CPU = Release|Any CPU
	EndGlobalSection
	GlobalSection(ProjectConfigurationPlatforms) = postSolution
		{0A39FF63-042A-45D0-8DE5-E5683DC44E34}.Debug|Any CPU.ActiveCfg = Debug|Any CPU
		{0A39FF63-042A-45D0-8DE5-E5683DC44E34}.Debug|Any CPU.Build.0 = Debug|Any CPU
		{0A39FF63-042A-45D0-8DE5-E5683DC44E34}.Release|Any CPU.ActiveCfg = Release|Any CPU
		{0A39FF63-042A-45D0-8DE5-E5683DC44E34}.Release|Any CPU.Build.0 = Release|Any CPU
		{53CBDA96-DB5B-4DF7-831D-56961E77C0CD}.Debug|Any CPU.ActiveCfg = Debug|Any CPU
		{53CBDA96-DB5B-4DF7-831D-56961E77C0CD}.Debug|Any CPU.Build.0 = Debug|Any CPU
		{53CBDA96-DB5B-4DF7-831D-56961E77C0CD}.Release|Any CPU.ActiveCfg = Release|Any CPU
		{53CBDA96-DB5B-4DF7-831D-56961E77C0CD}.Release|Any CPU.Build.0 = Release|Any CPU
		{B290087F-22FF-4937-A0FD-34E08DAFFECD}.Debug|Any CPU.ActiveCfg = Debug|Any CPU
		{B290087F-22FF-4937-A0FD-34E08DAFFECD}.Debug|Any CPU.Build.0 = Debug|Any CPU
		{B290087F-22FF-4937-A0FD-34E08DAFFECD}.Release|Any CPU.ActiveCfg = Release|Any CPU
		{B290087F-22FF-4937-A0FD-34E08DAFFECD}.Release|Any CPU.Build.0 = Release|Any CPU
		{FC9C809F-1945-48CD-BFCC-983C1BA5DFBB}.Debug|Any CPU.ActiveCfg = Debug|Any CPU
		{FC9C809F-1945-48CD-BFCC-983C1BA5DFBB}.Debug|Any CPU.Build.0 = Debug|Any CPU
		{FC9C809F-1945-48CD-BFCC-983C1BA5DFBB}.Release|Any CPU.ActiveCfg = Release|Any CPU
		{FC9C809F-1945-48CD-BFCC-983C1BA5DFBB}.Release|Any CPU.Build.0 = Release|Any CPU
	EndGlobalSection
	GlobalSection(SolutionProperties) = preSolution
		HideSolutionNode = FALSE
	EndGlobalSection
	GlobalSection(ExtensibilityGlobals) = postSolution
		SolutionGuid = {EF6E3B8A-C749-4655-BCCA-D3C17894CCBB}
	EndGlobalSection
EndGlobal
